
Microsoft Visual Studio Solution File, Format Version 12.00
# Visual Studio 15
VisualStudioVersion = 15.0.26430.16
MinimumVisualStudioVersion = 10.0.40219.1
Project("{8BC9CEB8-8B4A-11D0-8D11-00A0C91BC942}") = "bocetoProyecto1", "bocetoProyecto1\bocetoProyecto1.vcxproj", "{39AB64E0-ACDD-4E04-AB3A-6A5541A43815}"
EndProject
Global
	GlobalSection(SolutionConfigurationPlatforms) = preSolution
		Debug|x64 = Debug|x64
		Debug|x86 = Debug|x86
		Release|x64 = Release|x64
		Release|x86 = Release|x86
	EndGlobalSection
	GlobalSection(ProjectConfigurationPlatforms) = postSolution
		{39AB64E0-ACDD-4E04-AB3A-6A5541A43815}.Debug|x64.ActiveCfg = Debug|x64
		{39AB64E0-ACDD-4E04-AB3A-6A5541A43815}.Debug|x64.Build.0 = Debug|x64
		{39AB64E0-ACDD-4E04-AB3A-6A5541A43815}.Debug|x86.ActiveCfg = Debug|Win32
		{39AB64E0-ACDD-4E04-AB3A-6A5541A43815}.Debug|x86.Build.0 = Debug|Win32
		{39AB64E0-ACDD-4E04-AB3A-6A5541A43815}.Release|x64.ActiveCfg = Release|x64
		{39AB64E0-ACDD-4E04-AB3A-6A5541A43815}.Release|x64.Build.0 = Release|x64
		{39AB64E0-ACDD-4E04-AB3A-6A5541A43815}.Release|x86.ActiveCfg = Release|Win32
		{39AB64E0-ACDD-4E04-AB3A-6A5541A43815}.Release|x86.Build.0 = Release|Win32
	EndGlobalSection
	GlobalSection(SolutionProperties) = preSolution
		HideSolutionNode = FALSE
	EndGlobalSection
EndGlobal
